
Microsoft Visual Studio Solution File, Format Version 12.00
# Visual Studio Version 17
VisualStudioVersion = 17.6.33723.286
MinimumVisualStudioVersion = 10.0.40219.1
Project("{2150E333-8FDC-42A3-9474-1A3956D46DE8}") = "Server", "Server", "{6DA08C31-9B05-4C4A-A83F-4234243F5CBB}"
EndProject
Project("{9A19103F-16F7-4668-BE54-9A1E7A4F7556}") = "RedGraniteCms.Server.Api", "Server\RedGraniteCms.Server.Api\RedGraniteCms.Server.Api.csproj", "{03B2D250-7C3A-4561-BF01-0CE403577624}"
EndProject
Project("{9A19103F-16F7-4668-BE54-9A1E7A4F7556}") = "RedGraniteCms.Server.Core", "Server\RedGraniteCms.Server.Core\RedGraniteCms.Server.Core.csproj", "{D51343C1-F28E-4A38-9B94-087C7CA1027B}"
EndProject
Project("{2150E333-8FDC-42A3-9474-1A3956D46DE8}") = "Client", "Client", "{AF0F0204-7A17-4C42-B9B0-4768B323948C}"
EndProject
Project("{54A90642-561A-4BB1-A94E-469ADEE60C69}") = "RedGraniteCms.Client.Web", "Client\RedGraniteCms.Client.Web\RedGraniteCms.Client.Web.esproj", "{24DEEBC5-F361-4EBE-A380-F6B3E6F60CF2}"
EndProject
Project("{9A19103F-16F7-4668-BE54-9A1E7A4F7556}") = "RedGraniteCms.Server.Data", "Server\RedGraniteCms.Server.Data\RedGraniteCms.Server.Data.csproj", "{44754A2D-5382-41F0-9EF9-498D928F661F}"
EndProject
Project("{9A19103F-16F7-4668-BE54-9A1E7A4F7556}") = "RedGraniteCms.Server.GraphQl", "Server\RedGraniteCms.Server.GraphQl\RedGraniteCms.Server.GraphQl.csproj", "{6CA612F4-7747-46AA-913B-17F1A440594B}"
EndProject
Project("{FAE04EC0-301F-11D3-BF4B-00C04F79EFBC}") = "RedGraniteCms.Server.Services", "Server\RedGraniteCms.Server.Services\RedGraniteCms.Server.Services.csproj", "{488F5CC3-E02C-40E5-BD95-523BED013250}"
EndProject
Project("{FAE04EC0-301F-11D3-BF4B-00C04F79EFBC}") = "RedGraniteCms.Server.Core.Tests", "Server\RedGraniteCms.Server.Core.Tests\RedGraniteCms.Server.Core.Tests.csproj", "{0A8AADAD-7F5E-40F6-A535-CA419A126C0F}"
EndProject
Project("{FAE04EC0-301F-11D3-BF4B-00C04F79EFBC}") = "RedGraniteCms.Server.Services.Tests", "Server\RedGraniteCms.Server.Services.Tests\RedGraniteCms.Server.Services.Tests.csproj", "{580B6109-7D2E-4CD5-BE2F-E3B49D90AE5B}"
EndProject
Project("{FAE04EC0-301F-11D3-BF4B-00C04F79EFBC}") = "RedGraniteCms.Server.IntegrationTests", "Server\RedGraniteCms.Server.IntegrationTests\RedGraniteCms.Server.IntegrationTests.csproj", "{1393D294-166C-45E4-9EDE-117E48208122}"
EndProject
Global
	GlobalSection(SolutionConfigurationPlatforms) = preSolution
		Debug|Any CPU = Debug|Any CPU
		Debug|x64 = Debug|x64
		Debug|x86 = Debug|x86
		Release|Any CPU = Release|Any CPU
		Release|x64 = Release|x64
		Release|x86 = Release|x86
	EndGlobalSection
	GlobalSection(ProjectConfigurationPlatforms) = postSolution
		{03B2D250-7C3A-4561-BF01-0CE403577624}.Debug|Any CPU.ActiveCfg = Debug|Any CPU
		{03B2D250-7C3A-4561-BF01-0CE403577624}.Debug|Any CPU.Build.0 = Debug|Any CPU
		{03B2D250-7C3A-4561-BF01-0CE403577624}.Debug|x64.ActiveCfg = Debug|Any CPU
		{03B2D250-7C3A-4561-BF01-0CE403577624}.Debug|x64.Build.0 = Debug|Any CPU
		{03B2D250-7C3A-4561-BF01-0CE403577624}.Debug|x86.ActiveCfg = Debug|Any CPU
		{03B2D250-7C3A-4561-BF01-0CE403577624}.Debug|x86.Build.0 = Debug|Any CPU
		{03B2D250-7C3A-4561-BF01-0CE403577624}.Release|Any CPU.ActiveCfg = Release|Any CPU
		{03B2D250-7C3A-4561-BF01-0CE403577624}.Release|Any CPU.Build.0 = Release|Any CPU
		{03B2D250-7C3A-4561-BF01-0CE403577624}.Release|x64.ActiveCfg = Release|Any CPU
		{03B2D250-7C3A-4561-BF01-0CE403577624}.Release|x64.Build.0 = Release|Any CPU
		{03B2D250-7C3A-4561-BF01-0CE403577624}.Release|x86.ActiveCfg = Release|Any CPU
		{03B2D250-7C3A-4561-BF01-0CE403577624}.Release|x86.Build.0 = Release|Any CPU
		{D51343C1-F28E-4A38-9B94-087C7CA1027B}.Debug|Any CPU.ActiveCfg = Debug|Any CPU
		{D51343C1-F28E-4A38-9B94-087C7CA1027B}.Debug|Any CPU.Build.0 = Debug|Any CPU
		{D51343C1-F28E-4A38-9B94-087C7CA1027B}.Debug|x64.ActiveCfg = Debug|Any CPU
		{D51343C1-F28E-4A38-9B94-087C7CA1027B}.Debug|x64.Build.0 = Debug|Any CPU
		{D51343C1-F28E-4A38-9B94-087C7CA1027B}.Debug|x86.ActiveCfg = Debug|Any CPU
		{D51343C1-F28E-4A38-9B94-087C7CA1027B}.Debug|x86.Build.0 = Debug|Any CPU
		{D51343C1-F28E-4A38-9B94-087C7CA1027B}.Release|Any CPU.ActiveCfg = Release|Any CPU
		{D51343C1-F28E-4A38-9B94-087C7CA1027B}.Release|Any CPU.Build.0 = Release|Any CPU
		{D51343C1-F28E-4A38-9B94-087C7CA1027B}.Release|x64.ActiveCfg = Release|Any CPU
		{D51343C1-F28E-4A38-9B94-087C7CA1027B}.Release|x64.Build.0 = Release|Any CPU
		{D51343C1-F28E-4A38-9B94-087C7CA1027B}.Release|x86.ActiveCfg = Release|Any CPU
		{D51343C1-F28E-4A38-9B94-087C7CA1027B}.Release|x86.Build.0 = Release|Any CPU
		{24DEEBC5-F361-4EBE-A380-F6B3E6F60CF2}.Debug|Any CPU.ActiveCfg = Debug|Any CPU
		{24DEEBC5-F361-4EBE-A380-F6B3E6F60CF2}.Debug|Any CPU.Build.0 = Debug|Any CPU
		{24DEEBC5-F361-4EBE-A380-F6B3E6F60CF2}.Debug|Any CPU.Deploy.0 = Debug|Any CPU
		{24DEEBC5-F361-4EBE-A380-F6B3E6F60CF2}.Debug|x64.ActiveCfg = Debug|x64
		{24DEEBC5-F361-4EBE-A380-F6B3E6F60CF2}.Debug|x86.ActiveCfg = Debug|x86
		{24DEEBC5-F361-4EBE-A380-F6B3E6F60CF2}.Release|Any CPU.ActiveCfg = Release|Any CPU
		{24DEEBC5-F361-4EBE-A380-F6B3E6F60CF2}.Release|Any CPU.Build.0 = Release|Any CPU
		{24DEEBC5-F361-4EBE-A380-F6B3E6F60CF2}.Release|Any CPU.Deploy.0 = Release|Any CPU
		{24DEEBC5-F361-4EBE-A380-F6B3E6F60CF2}.Release|x64.ActiveCfg = Release|x64
		{24DEEBC5-F361-4EBE-A380-F6B3E6F60CF2}.Release|x86.ActiveCfg = Release|x86
		{44754A2D-5382-41F0-9EF9-498D928F661F}.Debug|Any CPU.ActiveCfg = Debug|Any CPU
		{44754A2D-5382-41F0-9EF9-498D928F661F}.Debug|Any CPU.Build.0 = Debug|Any CPU
		{44754A2D-5382-41F0-9EF9-498D928F661F}.Debug|x64.ActiveCfg = Debug|Any CPU
		{44754A2D-5382-41F0-9EF9-498D928F661F}.Debug|x64.Build.0 = Debug|Any CPU
		{44754A2D-5382-41F0-9EF9-498D928F661F}.Debug|x86.ActiveCfg = Debug|Any CPU
		{44754A2D-5382-41F0-9EF9-498D928F661F}.Debug|x86.Build.0 = Debug|Any CPU
		{44754A2D-5382-41F0-9EF9-498D928F661F}.Release|Any CPU.ActiveCfg = Release|Any CPU
		{44754A2D-5382-41F0-9EF9-498D928F661F}.Release|Any CPU.Build.0 = Release|Any CPU
		{44754A2D-5382-41F0-9EF9-498D928F661F}.Release|x64.ActiveCfg = Release|Any CPU
		{44754A2D-5382-41F0-9EF9-498D928F661F}.Release|x64.Build.0 = Release|Any CPU
		{44754A2D-5382-41F0-9EF9-498D928F661F}.Release|x86.ActiveCfg = Release|Any CPU
		{44754A2D-5382-41F0-9EF9-498D928F661F}.Release|x86.Build.0 = Release|Any CPU
		{6CA612F4-7747-46AA-913B-17F1A440594B}.Debug|Any CPU.ActiveCfg = Debug|Any CPU
		{6CA612F4-7747-46AA-913B-17F1A440594B}.Debug|Any CPU.Build.0 = Debug|Any CPU
		{6CA612F4-7747-46AA-913B-17F1A440594B}.Debug|x64.ActiveCfg = Debug|Any CPU
		{6CA612F4-7747-46AA-913B-17F1A440594B}.Debug|x64.Build.0 = Debug|Any CPU
		{6CA612F4-7747-46AA-913B-17F1A440594B}.Debug|x86.ActiveCfg = Debug|Any CPU
		{6CA612F4-7747-46AA-913B-17F1A440594B}.Debug|x86.Build.0 = Debug|Any CPU
		{6CA612F4-7747-46AA-913B-17F1A440594B}.Release|Any CPU.ActiveCfg = Release|Any CPU
		{6CA612F4-7747-46AA-913B-17F1A440594B}.Release|Any CPU.Build.0 = Release|Any CPU
		{6CA612F4-7747-46AA-913B-17F1A440594B}.Release|x64.ActiveCfg = Release|Any CPU
		{6CA612F4-7747-46AA-913B-17F1A440594B}.Release|x64.Build.0 = Release|Any CPU
		{6CA612F4-7747-46AA-913B-17F1A440594B}.Release|x86.ActiveCfg = Release|Any CPU
		{6CA612F4-7747-46AA-913B-17F1A440594B}.Release|x86.Build.0 = Release|Any CPU
		{488F5CC3-E02C-40E5-BD95-523BED013250}.Debug|Any CPU.ActiveCfg = Debug|Any CPU
		{488F5CC3-E02C-40E5-BD95-523BED013250}.Debug|Any CPU.Build.0 = Debug|Any CPU
		{488F5CC3-E02C-40E5-BD95-523BED013250}.Debug|x64.ActiveCfg = Debug|Any CPU
		{488F5CC3-E02C-40E5-BD95-523BED013250}.Debug|x64.Build.0 = Debug|Any CPU
		{488F5CC3-E02C-40E5-BD95-523BED013250}.Debug|x86.ActiveCfg = Debug|Any CPU
		{488F5CC3-E02C-40E5-BD95-523BED013250}.Debug|x86.Build.0 = Debug|Any CPU
		{488F5CC3-E02C-40E5-BD95-523BED013250}.Release|Any CPU.ActiveCfg = Release|Any CPU
		{488F5CC3-E02C-40E5-BD95-523BED013250}.Release|Any CPU.Build.0 = Release|Any CPU
		{488F5CC3-E02C-40E5-BD95-523BED013250}.Release|x64.ActiveCfg = Release|Any CPU
		{488F5CC3-E02C-40E5-BD95-523BED013250}.Release|x64.Build.0 = Release|Any CPU
		{488F5CC3-E02C-40E5-BD95-523BED013250}.Release|x86.ActiveCfg = Release|Any CPU
		{488F5CC3-E02C-40E5-BD95-523BED013250}.Release|x86.Build.0 = Release|Any CPU
		{0A8AADAD-7F5E-40F6-A535-CA419A126C0F}.Debug|Any CPU.ActiveCfg = Debug|Any CPU
		{0A8AADAD-7F5E-40F6-A535-CA419A126C0F}.Debug|Any CPU.Build.0 = Debug|Any CPU
		{0A8AADAD-7F5E-40F6-A535-CA419A126C0F}.Debug|x64.ActiveCfg = Debug|Any CPU
		{0A8AADAD-7F5E-40F6-A535-CA419A126C0F}.Debug|x64.Build.0 = Debug|Any CPU
		{0A8AADAD-7F5E-40F6-A535-CA419A126C0F}.Debug|x86.ActiveCfg = Debug|Any CPU
		{0A8AADAD-7F5E-40F6-A535-CA419A126C0F}.Debug|x86.Build.0 = Debug|Any CPU
		{0A8AADAD-7F5E-40F6-A535-CA419A126C0F}.Release|Any CPU.ActiveCfg = Release|Any CPU
		{0A8AADAD-7F5E-40F6-A535-CA419A126C0F}.Release|Any CPU.Build.0 = Release|Any CPU
		{0A8AADAD-7F5E-40F6-A535-CA419A126C0F}.Release|x64.ActiveCfg = Release|Any CPU
		{0A8AADAD-7F5E-40F6-A535-CA419A126C0F}.Release|x64.Build.0 = Release|Any CPU
		{0A8AADAD-7F5E-40F6-A535-CA419A126C0F}.Release|x86.ActiveCfg = Release|Any CPU
		{0A8AADAD-7F5E-40F6-A535-CA419A126C0F}.Release|x86.Build.0 = Release|Any CPU
		{580B6109-7D2E-4CD5-BE2F-E3B49D90AE5B}.Debug|Any CPU.ActiveCfg = Debug|Any CPU
		{580B6109-7D2E-4CD5-BE2F-E3B49D90AE5B}.Debug|Any CPU.Build.0 = Debug|Any CPU
		{580B6109-7D2E-4CD5-BE2F-E3B49D90AE5B}.Debug|x64.ActiveCfg = Debug|Any CPU
		{580B6109-7D2E-4CD5-BE2F-E3B49D90AE5B}.Debug|x64.Build.0 = Debug|Any CPU
		{580B6109-7D2E-4CD5-BE2F-E3B49D90AE5B}.Debug|x86.ActiveCfg = Debug|Any CPU
		{580B6109-7D2E-4CD5-BE2F-E3B49D90AE5B}.Debug|x86.Build.0 = Debug|Any CPU
		{580B6109-7D2E-4CD5-BE2F-E3B49D90AE5B}.Release|Any CPU.ActiveCfg = Release|Any CPU
		{580B6109-7D2E-4CD5-BE2F-E3B49D90AE5B}.Release|Any CPU.Build.0 = Release|Any CPU
		{580B6109-7D2E-4CD5-BE2F-E3B49D90AE5B}.Release|x64.ActiveCfg = Release|Any CPU
		{580B6109-7D2E-4CD5-BE2F-E3B49D90AE5B}.Release|x64.Build.0 = Release|Any CPU
		{580B6109-7D2E-4CD5-BE2F-E3B49D90AE5B}.Release|x86.ActiveCfg = Release|Any CPU
		{580B6109-7D2E-4CD5-BE2F-E3B49D90AE5B}.Release|x86.Build.0 = Release|Any CPU
		{1393D294-166C-45E4-9EDE-117E48208122}.Debug|Any CPU.ActiveCfg = Debug|Any CPU
		{1393D294-166C-45E4-9EDE-117E48208122}.Debug|Any CPU.Build.0 = Debug|Any CPU
		{1393D294-166C-45E4-9EDE-117E48208122}.Debug|x64.ActiveCfg = Debug|Any CPU
		{1393D294-166C-45E4-9EDE-117E48208122}.Debug|x64.Build.0 = Debug|Any CPU
		{1393D294-166C-45E4-9EDE-117E48208122}.Debug|x86.ActiveCfg = Debug|Any CPU
		{1393D294-166C-45E4-9EDE-117E48208122}.Debug|x86.Build.0 = Debug|Any CPU
		{1393D294-166C-45E4-9EDE-117E48208122}.Release|Any CPU.ActiveCfg = Release|Any CPU
		{1393D294-166C-45E4-9EDE-117E48208122}.Release|Any CPU.Build.0 = Release|Any CPU
		{1393D294-166C-45E4-9EDE-117E48208122}.Release|x64.ActiveCfg = Release|Any CPU
		{1393D294-166C-45E4-9EDE-117E48208122}.Release|x64.Build.0 = Release|Any CPU
		{1393D294-166C-45E4-9EDE-117E48208122}.Release|x86.ActiveCfg = Release|Any CPU
		{1393D294-166C-45E4-9EDE-117E48208122}.Release|x86.Build.0 = Release|Any CPU
	EndGlobalSection
	GlobalSection(SolutionProperties) = preSolution
		HideSolutionNode = FALSE
	EndGlobalSection
	GlobalSection(NestedProjects) = preSolution
		{03B2D250-7C3A-4561-BF01-0CE403577624} = {6DA08C31-9B05-4C4A-A83F-4234243F5CBB}
		{D51343C1-F28E-4A38-9B94-087C7CA1027B} = {6DA08C31-9B05-4C4A-A83F-4234243F5CBB}
		{24DEEBC5-F361-4EBE-A380-F6B3E6F60CF2} = {AF0F0204-7A17-4C42-B9B0-4768B323948C}
		{44754A2D-5382-41F0-9EF9-498D928F661F} = {6DA08C31-9B05-4C4A-A83F-4234243F5CBB}
		{6CA612F4-7747-46AA-913B-17F1A440594B} = {6DA08C31-9B05-4C4A-A83F-4234243F5CBB}
		{488F5CC3-E02C-40E5-BD95-523BED013250} = {6DA08C31-9B05-4C4A-A83F-4234243F5CBB}
		{0A8AADAD-7F5E-40F6-A535-CA419A126C0F} = {6DA08C31-9B05-4C4A-A83F-4234243F5CBB}
		{580B6109-7D2E-4CD5-BE2F-E3B49D90AE5B} = {6DA08C31-9B05-4C4A-A83F-4234243F5CBB}
		{1393D294-166C-45E4-9EDE-117E48208122} = {6DA08C31-9B05-4C4A-A83F-4234243F5CBB}
	EndGlobalSection
	GlobalSection(ExtensibilityGlobals) = postSolution
		SolutionGuid = {EFD7E57D-AEE3-49E2-A896-1BF1E26EFC39}
	EndGlobalSection
EndGlobal
